PODS:
  - SHFastEnumerationProtocols (1.0.0)
  - SHGameCenter (0.3.1):
    - SHFastEnumerationProtocols (= 1.0.0)

DEPENDENCIES:
  - SHGameCenter (from `../`)

EXTERNAL SOURCES:
  SHGameCenter:
    :path: ../

SPEC CHECKSUMS:
  SHFastEnumerationProtocols: b90ffd1dcba2624553c099c28aeeda4f50ae5d1c
  SHGameCenter: 29dffb3fc7cd789aac6f0ad58f28a99a70662ba1

COCOAPODS: 0.22.2
