PODS:
  - SHFastEnumerationProtocols (1.0.0)
  - SHGameCenter (0.3.1)

DEPENDENCIES:
  - SHFastEnumerationProtocols (from `../../SHFastEnumerationProtocols`)
  - SHGameCenter (from `../`)

EXTERNAL SOURCES:
  SHFastEnumerationProtocols:
    :path: ../../SHFastEnumerationProtocols
  SHGameCenter:
    :path: ../

SPEC CHECKSUMS:
  SHFastEnumerationProtocols: 5f1567eb1f63fef4b28733e8decb1252f72153be
  SHGameCenter: da119e95bd764233ebf2d1b265691abc8012ee78

COCOAPODS: 0.22.2
